# This file is generated by running "yarn install" inside your project.
# Manual changes might be lost - proceed with caution!

__metadata:
  version: 8
  cacheKey: 10c0

"aws-cdk@npm:^2.130.0":
  version: 2.1105.0
  resolution: "aws-cdk@npm:2.1105.0"
  bin:
    cdk: bin/cdk
  checksum: 10c0/4889bc7a91b32c2a7cb29a0d2dfa01ef4f80d6210d1364bdd19b74151f6b17d65a2790caf08df36c7026b32e9106037d79cc90b52a082eeed16692892879c04c
  languageName: node
  linkType: hard

"tra-infra@workspace:.":
  version: 0.0.0-use.local
  resolution: "tra-infra@workspace:."
  dependencies:
    aws-cdk: "npm:^2.130.0"
  languageName: unknown
  linkType: soft
